
Microsoft Visual Studio Solution File, Format Version 12.00
# Visual Studio 15
VisualStudioVersion = 15.0.28010.2048
MinimumVisualStudioVersion = 10.0.40219.1
Project("{FAE04EC0-301F-11D3-BF4B-00C04F79EFBC}") = "IPractice1", "IPractice1\IPractice1.csproj", "{21529BCB-2241-4BF3-AA39-FA68D1022CEE}"
EndProject
Global
	GlobalSection(SolutionConfigurationPlatforms) = preSolution
		Debug|Any CPU = Debug|Any CPU
		Release|Any CPU = Release|Any CPU
	EndGlobalSection
	GlobalSection(ProjectConfigurationPlatforms) = postSolution
		{21529BCB-2241-4BF3-AA39-FA68D1022CEE}.Debug|Any CPU.ActiveCfg = Debug|Any CPU
		{21529BCB-2241-4BF3-AA39-FA68D1022CEE}.Debug|Any CPU.Build.0 = Debug|Any CPU
		{21529BCB-2241-4BF3-AA39-FA68D1022CEE}.Release|Any CPU.ActiveCfg = Release|Any CPU
		{21529BCB-2241-4BF3-AA39-FA68D1022CEE}.Release|Any CPU.Build.0 = Release|Any CPU
	EndGlobalSection
	GlobalSection(SolutionProperties) = preSolution
		HideSolutionNode = FALSE
	EndGlobalSection
	GlobalSection(ExtensibilityGlobals) = postSolution
		SolutionGuid = {152E0219-D0C2-45D1-8FE8-20DBF1BE799A}
	EndGlobalSection
EndGlobal
