
Microsoft Visual Studio Solution File, Format Version 12.00
# Visual Studio 15
VisualStudioVersion = 15.0.28010.2048
MinimumVisualStudioVersion = 10.0.40219.1
Project("{FAE04EC0-301F-11D3-BF4B-00C04F79EFBC}") = "PartyPlanner", "WindowsFormsApp1\PartyPlanner.csproj", "{D92FCDFB-A069-4FA3-8F89-2CC14E91D788}"
EndProject
Global
	GlobalSection(SolutionConfigurationPlatforms) = preSolution
		Debug|Any CPU = Debug|Any CPU
		Release|Any CPU = Release|Any CPU
	EndGlobalSection
	GlobalSection(ProjectConfigurationPlatforms) = postSolution
		{D92FCDFB-A069-4FA3-8F89-2CC14E91D788}.Debug|Any CPU.ActiveCfg = Debug|Any CPU
		{D92FCDFB-A069-4FA3-8F89-2CC14E91D788}.Debug|Any CPU.Build.0 = Debug|Any CPU
		{D92FCDFB-A069-4FA3-8F89-2CC14E91D788}.Release|Any CPU.ActiveCfg = Release|Any CPU
		{D92FCDFB-A069-4FA3-8F89-2CC14E91D788}.Release|Any CPU.Build.0 = Release|Any CPU
	EndGlobalSection
	GlobalSection(SolutionProperties) = preSolution
		HideSolutionNode = FALSE
	EndGlobalSection
	GlobalSection(ExtensibilityGlobals) = postSolution
		SolutionGuid = {BEBDC564-08C2-41D6-88AA-34DA784B61E3}
	EndGlobalSection
EndGlobal
